
Microsoft Visual Studio Solution File, Format Version 12.00
# Visual Studio Version 16
VisualStudioVersion = 16.0.31410.357
MinimumVisualStudioVersion = 10.0.40219.1
Project("{FAE04EC0-301F-11D3-BF4B-00C04F79EFBC}") = "SBot003", "SBot003.csproj", "{BAD6CB01-27CD-4D53-9A26-AF0C716F624C}"
EndProject
Global
	GlobalSection(SolutionConfigurationPlatforms) = preSolution
		Debug|Any CPU = Debug|Any CPU
		Release|Any CPU = Release|Any CPU
	EndGlobalSection
	GlobalSection(ProjectConfigurationPlatforms) = postSolution
		{BAD6CB01-27CD-4D53-9A26-AF0C716F624C}.Debug|Any CPU.ActiveCfg = Debug|Any CPU
		{BAD6CB01-27CD-4D53-9A26-AF0C716F624C}.Debug|Any CPU.Build.0 = Debug|Any CPU
		{BAD6CB01-27CD-4D53-9A26-AF0C716F624C}.Release|Any CPU.ActiveCfg = Release|Any CPU
		{BAD6CB01-27CD-4D53-9A26-AF0C716F624C}.Release|Any CPU.Build.0 = Release|Any CPU
	EndGlobalSection
	GlobalSection(SolutionProperties) = preSolution
		HideSolutionNode = FALSE
	EndGlobalSection
	GlobalSection(ExtensibilityGlobals) = postSolution
		SolutionGuid = {06B698F3-1106-42C6-B956-D800B062B611}
	EndGlobalSection
EndGlobal
